// !$*UTF8*$!
{
	archiveVersion = 1;
	classes = {
	};
	objectVersion = 46;
	objects = {

/* Begin PBXBuildFile section */
		340D09EF1CBD39F200192B0C /* Launch Screen.storyboard in Resources */ = {isa = PBXBuildFile; fileRef = 340D09EE1CBD39F200192B0C /* Launch Screen.storyboard */; };
		346AF3B41CBD5E6200BB054A /* Main.storyboard in Resources */ = {isa = PBXBuildFile; fileRef = 346AF3B21CBD5E6200BB054A /* Main.storyboard */; };
		347CB5421CBE3E9700626C89 /* MemeManager.swift in Sources */ = {isa = PBXBuildFile; fileRef = 347CB5411CBE3E9700626C89 /* MemeManager.swift */; };
		3495263C1CBBF18D00D19D19 /* SentMemeCollectionViewCell.swift in Sources */ = {isa = PBXBuildFile; fileRef = 3495263B1CBBF18D00D19D19 /* SentMemeCollectionViewCell.swift */; };
		3495263E1CBBF22F00D19D19 /* SentMemeTableViewController.swift in Sources */ = {isa = PBXBuildFile; fileRef = 3495263D1CBBF22F00D19D19 /* SentMemeTableViewController.swift */; };
		349526401CBBF4C400D19D19 /* SentMemeTableViewCell.swift in Sources */ = {isa = PBXBuildFile; fileRef = 3495263F1CBBF4C400D19D19 /* SentMemeTableViewCell.swift */; };
		34A3BF3D1CBB91A5004C3BC8 /* SentMemeCollectionViewController.swift in Sources */ = {isa = PBXBuildFile; fileRef = 34A3BF3C1CBB91A5004C3BC8 /* SentMemeCollectionViewController.swift */; };
		34BBC8811CAEBCBA00760D88 /* ufonts.com_impact.ttf in Resources */ = {isa = PBXBuildFile; fileRef = 34BBC8801CAEBCBA00760D88 /* ufonts.com_impact.ttf */; };
		34BF66681CADA7E100F33792 /* AppDelegate.swift in Sources */ = {isa = PBXBuildFile; fileRef = 34BF66671CADA7E100F33792 /* AppDelegate.swift */; };
		34BF666A1CADA7E100F33792 /* MemeEditorViewController.swift in Sources */ = {isa = PBXBuildFile; fileRef = 34BF66691CADA7E100F33792 /* MemeEditorViewController.swift */; };
		34BF666F1CADA7E100F33792 /* Assets.xcassets in Resources */ = {isa = PBXBuildFile; fileRef = 34BF666E1CADA7E100F33792 /* Assets.xcassets */; };
		34BF667D1CADA7E100F33792 /* Meme_MeTests.swift in Sources */ = {isa = PBXBuildFile; fileRef = 34BF667C1CADA7E100F33792 /* Meme_MeTests.swift */; };
		34BF66881CADA7E100F33792 /* Meme_MeUITests.swift in Sources */ = {isa = PBXBuildFile; fileRef = 34BF66871CADA7E100F33792 /* Meme_MeUITests.swift */; };
		34C7EE481CBD05BA00631903 /* MemeDetailViewController.swift in Sources */ = {isa = PBXBuildFile; fileRef = 34C7EE471CBD05BA00631903 /* MemeDetailViewController.swift */; };
/* End PBXBuildFile section */

/* Begin PBXContainerItemProxy section */
		34BF66791CADA7E100F33792 /* PBXContainerItemProxy */ = {
			isa = PBXContainerItemProxy;
			containerPortal = 34BF665C1CADA7E100F33792 /* Project object */;
			proxyType = 1;
			remoteGlobalIDString = 34BF66631CADA7E100F33792;
			remoteInfo = "Meme Me";
		};
		34BF66841CADA7E100F33792 /* PBXContainerItemProxy */ = {
			isa = PBXContainerItemProxy;
			containerPortal = 34BF665C1CADA7E100F33792 /* Project object */;
			proxyType = 1;
			remoteGlobalIDString = 34BF66631CADA7E100F33792;
			remoteInfo = "Meme Me";
		};
/* End PBXContainerItemProxy section */

/* Begin PBXFileReference section */
		340D09EE1CBD39F200192B0C /* Launch Screen.storyboard */ = {isa = PBXFileReference; fileEncoding = 4; lastKnownFileType = file.storyboard; path = "Launch Screen.storyboard"; sourceTree = "<group>"; };
		346AF3B31CBD5E6200BB054A /* Base */ = {isa = PBXFileReference; lastKnownFileType = file.storyboard; name = Base; path = Base.lproj/Main.storyboard; sourceTree = "<group>"; };
		347CB5411CBE3E9700626C89 /* MemeManager.swift */ = {isa = PBXFileReference; fileEncoding = 4; lastKnownFileType = sourcecode.swift; path = MemeManager.swift; sourceTree = "<group>"; };
		3495263B1CBBF18D00D19D19 /* SentMemeCollectionViewCell.swift */ = {isa = PBXFileReference; fileEncoding = 4; lastKnownFileType = sourcecode.swift; path = SentMemeCollectionViewCell.swift; sourceTree = "<group>"; };
		3495263D1CBBF22F00D19D19 /* SentMemeTableViewController.swift */ = {isa = PBXFileReference; fileEncoding = 4; lastKnownFileType = sourcecode.swift; path = SentMemeTableViewController.swift; sourceTree = "<group>"; };
		3495263F1CBBF4C400D19D19 /* SentMemeTableViewCell.swift */ = {isa = PBXFileReference; fileEncoding = 4; lastKnownFileType = sourcecode.swift; path = SentMemeTableViewCell.swift; sourceTree = "<group>"; };
		34A3BF3C1CBB91A5004C3BC8 /* SentMemeCollectionViewController.swift */ = {isa = PBXFileReference; fileEncoding = 4; lastKnownFileType = sourcecode.swift; path = SentMemeCollectionViewController.swift; sourceTree = "<group>"; };
		34BBC8801CAEBCBA00760D88 /* ufonts.com_impact.ttf */ = {isa = PBXFileReference; lastKnownFileType = file; path = ufonts.com_impact.ttf; sourceTree = "<group>"; };
		34BF66641CADA7E100F33792 /* Meme Me.app */ = {isa = PBXFileReference; explicitFileType = wrapper.application; includeInIndex = 0; path = "Meme Me.app"; sourceTree = BUILT_PRODUCTS_DIR; };
		34BF66671CADA7E100F33792 /* AppDelegate.swift */ = {isa = PBXFileReference; lastKnownFileType = sourcecode.swift; path = AppDelegate.swift; sourceTree = "<group>"; };
		34BF66691CADA7E100F33792 /* MemeEditorViewController.swift */ = {isa = PBXFileReference; lastKnownFileType = sourcecode.swift; path = MemeEditorViewController.swift; sourceTree = "<group>"; };
		34BF666E1CADA7E100F33792 /* Assets.xcassets */ = {isa = PBXFileReference; lastKnownFileType = folder.assetcatalog; path = Assets.xcassets; sourceTree = "<group>"; };
		34BF66731CADA7E100F33792 /* Info.plist */ = {isa = PBXFileReference; lastKnownFileType = text.plist.xml; path = Info.plist; sourceTree = "<group>"; };
		34BF66781CADA7E100F33792 /* Meme MeTests.xctest */ = {isa = PBXFileReference; explicitFileType = wrapper.cfbundle; includeInIndex = 0; path = "Meme MeTests.xctest"; sourceTree = BUILT_PRODUCTS_DIR; };
		34BF667C1CADA7E100F33792 /* Meme_MeTests.swift */ = {isa = PBXFileReference; lastKnownFileType = sourcecode.swift; path = Meme_MeTests.swift; sourceTree = "<group>"; };
		34BF667E1CADA7E100F33792 /* Info.plist */ = {isa = PBXFileReference; lastKnownFileType = text.plist.xml; path = Info.plist; sourceTree = "<group>"; };
		34BF66831CADA7E100F33792 /* Meme MeUITests.xctest */ = {isa = PBXFileReference; explicitFileType = wrapper.cfbundle; includeInIndex = 0; path = "Meme MeUITests.xctest"; sourceTree = BUILT_PRODUCTS_DIR; };
		34BF66871CADA7E100F33792 /* Meme_MeUITests.swift */ = {isa = PBXFileReference; lastKnownFileType = sourcecode.swift; path = Meme_MeUITests.swift; sourceTree = "<group>"; };
		34BF66891CADA7E100F33792 /* Info.plist */ = {isa = PBXFileReference; lastKnownFileType = text.plist.xml; path = Info.plist; sourceTree = "<group>"; };
		34C7EE471CBD05BA00631903 /* MemeDetailViewController.swift */ = {isa = PBXFileReference; fileEncoding = 4; lastKnownFileType = sourcecode.swift; path = MemeDetailViewController.swift; sourceTree = "<group>"; };
/* End PBXFileReference section */

/* Begin PBXFrameworksBuildPhase section */
		34BF66611CADA7E100F33792 /* Frameworks */ = {
			isa = PBXFrameworksBuildPhase;
			buildActionMask = 2147483647;
			files = (
			);
			runOnlyForDeploymentPostprocessing = 0;
		};
		34BF66751CADA7E100F33792 /* Frameworks */ = {
			isa = PBXFrameworksBuildPhase;
			buildActionMask = 2147483647;
			files = (
			);
			runOnlyForDeploymentPostprocessing = 0;
		};
		34BF66801CADA7E100F33792 /* Frameworks */ = {
			isa = PBXFrameworksBuildPhase;
			buildActionMask = 2147483647;
			files = (
			);
			runOnlyForDeploymentPostprocessing = 0;
		};
/* End PBXFrameworksBuildPhase section */

/* Begin PBXGroup section */
		34BBC8821CAEBECE00760D88 /* Resources */ = {
			isa = PBXGroup;
			children = (
				34BBC8801CAEBCBA00760D88 /* ufonts.com_impact.ttf */,
			);
			name = Resources;
			sourceTree = "<group>";
		};
		34BF665B1CADA7E100F33792 = {
			isa = PBXGroup;
			children = (
				34BF66661CADA7E100F33792 /* Meme Me */,
				34BF667B1CADA7E100F33792 /* Meme MeTests */,
				34BF66861CADA7E100F33792 /* Meme MeUITests */,
				34BF66651CADA7E100F33792 /* Products */,
			);
			sourceTree = "<group>";
		};
		34BF66651CADA7E100F33792 /* Products */ = {
			isa = PBXGroup;
			children = (
				34BF66641CADA7E100F33792 /* Meme Me.app */,
				34BF66781CADA7E100F33792 /* Meme MeTests.xctest */,
				34BF66831CADA7E100F33792 /* Meme MeUITests.xctest */,
			);
			name = Products;
			sourceTree = "<group>";
		};
		34BF66661CADA7E100F33792 /* Meme Me */ = {
			isa = PBXGroup;
			children = (
				34BBC8821CAEBECE00760D88 /* Resources */,
				34BF66671CADA7E100F33792 /* AppDelegate.swift */,
				34A3BF3C1CBB91A5004C3BC8 /* SentMemeCollectionViewController.swift */,
				3495263F1CBBF4C400D19D19 /* SentMemeTableViewCell.swift */,
				346AF3B21CBD5E6200BB054A /* Main.storyboard */,
				3495263B1CBBF18D00D19D19 /* SentMemeCollectionViewCell.swift */,
				34BF66691CADA7E100F33792 /* MemeEditorViewController.swift */,
				34C7EE471CBD05BA00631903 /* MemeDetailViewController.swift */,
				3495263D1CBBF22F00D19D19 /* SentMemeTableViewController.swift */,
				347CB5411CBE3E9700626C89 /* MemeManager.swift */,
				34BF666E1CADA7E100F33792 /* Assets.xcassets */,
				340D09EE1CBD39F200192B0C /* Launch Screen.storyboard */,
				34BF66731CADA7E100F33792 /* Info.plist */,
			);
			path = "Meme Me";
			sourceTree = "<group>";
		};
		34BF667B1CADA7E100F33792 /* Meme MeTests */ = {
			isa = PBXGroup;
			children = (
				34BF667C1CADA7E100F33792 /* Meme_MeTests.swift */,
				34BF667E1CADA7E100F33792 /* Info.plist */,
			);
			path = "Meme MeTests";
			sourceTree = "<group>";
		};
		34BF66861CADA7E100F33792 /* Meme MeUITests */ = {
			isa = PBXGroup;
			children = (
				34BF66871CADA7E100F33792 /* Meme_MeUITests.swift */,
				34BF66891CADA7E100F33792 /* Info.plist */,
			);
			path = "Meme MeUITests";
			sourceTree = "<group>";
		};
/* End PBXGroup section */

/* Begin PBXNativeTarget section */
		34BF66631CADA7E100F33792 /* Meme Me */ = {
			isa = PBXNativeTarget;
			buildConfigurationList = 34BF668C1CADA7E100F33792 /* Build configuration list for PBXNativeTarget "Meme Me" */;
			buildPhases = (
				34BF66601CADA7E100F33792 /* Sources */,
				34BF66611CADA7E100F33792 /* Frameworks */,
				34BF66621CADA7E100F33792 /* Resources */,
			);
			buildRules = (
			);
			dependencies = (
			);
			name = "Meme Me";
			productName = "Meme Me";
			productReference = 34BF66641CADA7E100F33792 /* Meme Me.app */;
			productType = "com.apple.product-type.application";
		};
		34BF66771CADA7E100F33792 /* Meme MeTests */ = {
			isa = PBXNativeTarget;
			buildConfigurationList = 34BF668F1CADA7E100F33792 /* Build configuration list for PBXNativeTarget "Meme MeTests" */;
			buildPhases = (
				34BF66741CADA7E100F33792 /* Sources */,
				34BF66751CADA7E100F33792 /* Frameworks */,
				34BF66761CADA7E100F33792 /* Resources */,
			);
			buildRules = (
			);
			dependencies = (
				34BF667A1CADA7E100F33792 /* PBXTargetDependency */,
			);
			name = "Meme MeTests";
			productName = "Meme MeTests";
			productReference = 34BF66781CADA7E100F33792 /* Meme MeTests.xctest */;
			productType = "com.apple.product-type.bundle.unit-test";
		};
		34BF66821CADA7E100F33792 /* Meme MeUITests */ = {
			isa = PBXNativeTarget;
			buildConfigurationList = 34BF66921CADA7E100F33792 /* Build configuration list for PBXNativeTarget "Meme MeUITests" */;
			buildPhases = (
				34BF667F1CADA7E100F33792 /* Sources */,
				34BF66801CADA7E100F33792 /* Frameworks */,
				34BF66811CADA7E100F33792 /* Resources */,
			);
			buildRules = (
			);
			dependencies = (
				34BF66851CADA7E100F33792 /* PBXTargetDependency */,
			);
			name = "Meme MeUITests";
			productName = "Meme MeUITests";
			productReference = 34BF66831CADA7E100F33792 /* Meme MeUITests.xctest */;
			productType = "com.apple.product-type.bundle.ui-testing";
		};
/* End PBXNativeTarget section */

/* Begin PBXProject section */
		34BF665C1CADA7E100F33792 /* Project object */ = {
			isa = PBXProject;
			attributes = {
				KnownAssetTags = (
					New,
				);
				LastSwiftUpdateCheck = 0730;
				LastUpgradeCheck = 0730;
				ORGANIZATIONNAME = "Daniel Brand";
				TargetAttributes = {
					34BF66631CADA7E100F33792 = {
						CreatedOnToolsVersion = 7.3;
					};
					34BF66771CADA7E100F33792 = {
						CreatedOnToolsVersion = 7.3;
						TestTargetID = 34BF66631CADA7E100F33792;
					};
					34BF66821CADA7E100F33792 = {
						CreatedOnToolsVersion = 7.3;
						TestTargetID = 34BF66631CADA7E100F33792;
					};
				};
			};
			buildConfigurationList = 34BF665F1CADA7E100F33792 /* Build configuration list for PBXProject "Meme Me" */;
			compatibilityVersion = "Xcode 3.2";
			developmentRegion = English;
			hasScannedForEncodings = 0;
			knownRegions = (
				en,
				Base,
			);
			mainGroup = 34BF665B1CADA7E100F33792;
			productRefGroup = 34BF66651CADA7E100F33792 /* Products */;
			projectDirPath = "";
			projectRoot = "";
			targets = (
				34BF66631CADA7E100F33792 /* Meme Me */,
				34BF66771CADA7E100F33792 /* Meme MeTests */,
				34BF66821CADA7E100F33792 /* Meme MeUITests */,
			);
		};
/* End PBXProject section */

/* Begin PBXResourcesBuildPhase section */
		34BF66621CADA7E100F33792 /* Resources */ = {
			isa = PBXResourcesBuildPhase;
			buildActionMask = 2147483647;
			files = (
				34BF666F1CADA7E100F33792 /* Assets.xcassets in Resources */,
				34BBC8811CAEBCBA00760D88 /* ufonts.com_impact.ttf in Resources */,
				340D09EF1CBD39F200192B0C /* Launch Screen.storyboard in Resources */,
				346AF3B41CBD5E6200BB054A /* Main.storyboard in Resources */,
			);
			runOnlyForDeploymentPostprocessing = 0;
		};
		34BF66761CADA7E100F33792 /* Resources */ = {
			isa = PBXResourcesBuildPhase;
			buildActionMask = 2147483647;
			files = (
			);
			runOnlyForDeploymentPostprocessing = 0;
		};
		34BF66811CADA7E100F33792 /* Resources */ = {
			isa = PBXResourcesBuildPhase;
			buildActionMask = 2147483647;
			files = (
			);
			runOnlyForDeploymentPostprocessing = 0;
		};
/* End PBXResourcesBuildPhase section */

/* Begin PBXSourcesBuildPhase section */
		34BF66601CADA7E100F33792 /* Sources */ = {
			isa = PBXSourcesBuildPhase;
			buildActionMask = 2147483647;
			files = (
				349526401CBBF4C400D19D19 /* SentMemeTableViewCell.swift in Sources */,
				3495263C1CBBF18D00D19D19 /* SentMemeCollectionViewCell.swift in Sources */,
				34A3BF3D1CBB91A5004C3BC8 /* SentMemeCollectionViewController.swift in Sources */,
				347CB5421CBE3E9700626C89 /* MemeManager.swift in Sources */,
				34BF666A1CADA7E100F33792 /* MemeEditorViewController.swift in Sources */,
				34BF66681CADA7E100F33792 /* AppDelegate.swift in Sources */,
				3495263E1CBBF22F00D19D19 /* SentMemeTableViewController.swift in Sources */,
				34C7EE481CBD05BA00631903 /* MemeDetailViewController.swift in Sources */,
			);
			runOnlyForDeploymentPostprocessing = 0;
		};
		34BF66741CADA7E100F33792 /* Sources */ = {
			isa = PBXSourcesBuildPhase;
			buildActionMask = 2147483647;
			files = (
				34BF667D1CADA7E100F33792 /* Meme_MeTests.swift in Sources */,
			);
			runOnlyForDeploymentPostprocessing = 0;
		};
		34BF667F1CADA7E100F33792 /* Sources */ = {
			isa = PBXSourcesBuildPhase;
			buildActionMask = 2147483647;
			files = (
				34BF66881CADA7E100F33792 /* Meme_MeUITests.swift in Sources */,
			);
			runOnlyForDeploymentPostprocessing = 0;
		};
/* End PBXSourcesBuildPhase section */

/* Begin PBXTargetDependency section */
		34BF667A1CADA7E100F33792 /* PBXTargetDependency */ = {
			isa = PBXTargetDependency;
			target = 34BF66631CADA7E100F33792 /* Meme Me */;
			targetProxy = 34BF66791CADA7E100F33792 /* PBXContainerItemProxy */;
		};
		34BF66851CADA7E100F33792 /* PBXTargetDependency */ = {
			isa = PBXTargetDependency;
			target = 34BF66631CADA7E100F33792 /* Meme Me */;
			targetProxy = 34BF66841CADA7E100F33792 /* PBXContainerItemProxy */;
		};
/* End PBXTargetDependency section */

/* Begin PBXVariantGroup section */
		346AF3B21CBD5E6200BB054A /* Main.storyboard */ = {
			isa = PBXVariantGroup;
			children = (
				346AF3B31CBD5E6200BB054A /* Base */,
			);
			name = Main.storyboard;
			sourceTree = "<group>";
		};
/* End PBXVariantGroup section */

/* Begin XCBuildConfiguration section */
		34BF668A1CADA7E100F33792 /* Debug */ = {
			isa = XCBuildConfiguration;
			buildSettings = {
				ALWAYS_SEARCH_USER_PATHS = NO;
				CLANG_ANALYZER_NONNULL = YES;
				CLANG_CXX_LANGUAGE_STANDARD = "gnu++0x";
				CLANG_CXX_LIBRARY = "libc++";
				CLANG_ENABLE_MODULES = YES;
				CLANG_ENABLE_OBJC_ARC = YES;
				CLANG_WARN_BOOL_CONVERSION = YES;
				CLANG_WARN_CONSTANT_CONVERSION = YES;
				CLANG_WARN_DIRECT_OBJC_ISA_USAGE = YES_ERROR;
				CLANG_WARN_EMPTY_BODY = YES;
				CLANG_WARN_ENUM_CONVERSION = YES;
				CLANG_WARN_INT_CONVERSION = YES;
				CLANG_WARN_OBJC_ROOT_CLASS = YES_ERROR;
				CLANG_WARN_UNREACHABLE_CODE = YES;
				CLANG_WARN__DUPLICATE_METHOD_MATCH = YES;
				"CODE_SIGN_IDENTITY[sdk=iphoneos*]" = "iPhone Developer";
				COPY_PHASE_STRIP = NO;
				DEBUG_INFORMATION_FORMAT = dwarf;
				ENABLE_STRICT_OBJC_MSGSEND = YES;
				ENABLE_TESTABILITY = YES;
				GCC_C_LANGUAGE_STANDARD = gnu99;
				GCC_DYNAMIC_NO_PIC = NO;
				GCC_NO_COMMON_BLOCKS = YES;
				GCC_OPTIMIZATION_LEVEL = 0;
				GCC_PREPROCESSOR_DEFINITIONS = (
					"DEBUG=1",
					"$(inherited)",
				);
				GCC_WARN_64_TO_32_BIT_CONVERSION = YES;
				GCC_WARN_ABOUT_RETURN_TYPE = YES_ERROR;
				GCC_WARN_UNDECLARED_SELECTOR = YES;
				GCC_WARN_UNINITIALIZED_AUTOS = YES_AGGRESSIVE;
				GCC_WARN_UNUSED_FUNCTION = YES;
				GCC_WARN_UNUSED_VARIABLE = YES;
				IPHONEOS_DEPLOYMENT_TARGET = 9.3;
				MTL_ENABLE_DEBUG_INFO = YES;
				ONLY_ACTIVE_ARCH = YES;
				SDKROOT = iphoneos;
				SWIFT_OPTIMIZATION_LEVEL = "-Onone";
				TARGETED_DEVICE_FAMILY = "1,2";
			};
			name = Debug;
		};
		34BF668B1CADA7E100F33792 /* Release */ = {
			isa = XCBuildConfiguration;
			buildSettings = {
				ALWAYS_SEARCH_USER_PATHS = NO;
				CLANG_ANALYZER_NONNULL = YES;
				CLANG_CXX_LANGUAGE_STANDARD = "gnu++0x";
				CLANG_CXX_LIBRARY = "libc++";
				CLANG_ENABLE_MODULES = YES;
				CLANG_ENABLE_OBJC_ARC = YES;
				CLANG_WARN_BOOL_CONVERSION = YES;
				CLANG_WARN_CONSTANT_CONVERSION = YES;
				CLANG_WARN_DIRECT_OBJC_ISA_USAGE = YES_ERROR;
				CLANG_WARN_EMPTY_BODY = YES;
				CLANG_WARN_ENUM_CONVERSION = YES;
				CLANG_WARN_INT_CONVERSION = YES;
				CLANG_WARN_OBJC_ROOT_CLASS = YES_ERROR;
				CLANG_WARN_UNREACHABLE_CODE = YES;
				CLANG_WARN__DUPLICATE_METHOD_MATCH = YES;
				"CODE_SIGN_IDENTITY[sdk=iphoneos*]" = "iPhone Developer";
				COPY_PHASE_STRIP = NO;
				DEBUG_INFORMATION_FORMAT = "dwarf-with-dsym";
				ENABLE_NS_ASSERTIONS = NO;
				ENABLE_STRICT_OBJC_MSGSEND = YES;
				GCC_C_LANGUAGE_STANDARD = gnu99;
				GCC_NO_COMMON_BLOCKS = YES;
				GCC_WARN_64_TO_32_BIT_CONVERSION = YES;
				GCC_WARN_ABOUT_RETURN_TYPE = YES_ERROR;
				GCC_WARN_UNDECLARED_SELECTOR = YES;
				GCC_WARN_UNINITIALIZED_AUTOS = YES_AGGRESSIVE;
				GCC_WARN_UNUSED_FUNCTION = YES;
				GCC_WARN_UNUSED_VARIABLE = YES;
				IPHONEOS_DEPLOYMENT_TARGET = 9.3;
				MTL_ENABLE_DEBUG_INFO = NO;
				SDKROOT = iphoneos;
				TARGETED_DEVICE_FAMILY = "1,2";
				VALIDATE_PRODUCT = YES;
			};
			name = Release;
		};
		34BF668D1CADA7E100F33792 /* Debug */ = {
			isa = XCBuildConfiguration;
			buildSettings = {
				ASSETCATALOG_COMPILER_APPICON_NAME = AppIcon;
				INFOPLIST_FILE = "Meme Me/Info.plist";
				LD_RUNPATH_SEARCH_PATHS = "$(inherited) @executable_path/Frameworks";
				PRODUCT_BUNDLE_IDENTIFIER = "org.liquidsunset.Meme-Me";
				PRODUCT_NAME = "$(TARGET_NAME)";
			};
			name = Debug;
		};
		34BF668E1CADA7E100F33792 /* Release */ = {
			isa = XCBuildConfiguration;
			buildSettings = {
				ASSETCATALOG_COMPILER_APPICON_NAME = AppIcon;
				INFOPLIST_FILE = "Meme Me/Info.plist";
				LD_RUNPATH_SEARCH_PATHS = "$(inherited) @executable_path/Frameworks";
				PRODUCT_BUNDLE_IDENTIFIER = "org.liquidsunset.Meme-Me";
				PRODUCT_NAME = "$(TARGET_NAME)";
			};
			name = Release;
		};
		34BF66901CADA7E100F33792 /* Debug */ = {
			isa = XCBuildConfiguration;
			buildSettings = {
				BUNDLE_LOADER = "$(TEST_HOST)";
				INFOPLIST_FILE = "Meme MeTests/Info.plist";
				LD_RUNPATH_SEARCH_PATHS = "$(inherited) @executable_path/Frameworks @loader_path/Frameworks";
				PRODUCT_BUNDLE_IDENTIFIER = "org.liquidsunset.Meme-MeTests";
				PRODUCT_NAME = "$(TARGET_NAME)";
				TEST_HOST = "$(BUILT_PRODUCTS_DIR)/Meme Me.app/Meme Me";
			};
			name = Debug;
		};
		34BF66911CADA7E100F33792 /* Release */ = {
			isa = XCBuildConfiguration;
			buildSettings = {
				BUNDLE_LOADER = "$(TEST_HOST)";
				INFOPLIST_FILE = "Meme MeTests/Info.plist";
				LD_RUNPATH_SEARCH_PATHS = "$(inherited) @executable_path/Frameworks @loader_path/Frameworks";
				PRODUCT_BUNDLE_IDENTIFIER = "org.liquidsunset.Meme-MeTests";
				PRODUCT_NAME = "$(TARGET_NAME)";
				TEST_HOST = "$(BUILT_PRODUCTS_DIR)/Meme Me.app/Meme Me";
			};
			name = Release;
		};
		34BF66931CADA7E100F33792 /* Debug */ = {
			isa = XCBuildConfiguration;
			buildSettings = {
				INFOPLIST_FILE = "Meme MeUITests/Info.plist";
				LD_RUNPATH_SEARCH_PATHS = "$(inherited) @executable_path/Frameworks @loader_path/Frameworks";
				PRODUCT_BUNDLE_IDENTIFIER = "org.liquidsunset.Meme-MeUITests";
				PRODUCT_NAME = "$(TARGET_NAME)";
				TEST_TARGET_NAME = "Meme Me";
			};
			name = Debug;
		};
		34BF66941CADA7E100F33792 /* Release */ = {
			isa = XCBuildConfiguration;
			buildSettings = {
				INFOPLIST_FILE = "Meme MeUITests/Info.plist";
				LD_RUNPATH_SEARCH_PATHS = "$(inherited) @executable_path/Frameworks @loader_path/Frameworks";
				PRODUCT_BUNDLE_IDENTIFIER = "org.liquidsunset.Meme-MeUITests";
				PRODUCT_NAME = "$(TARGET_NAME)";
				TEST_TARGET_NAME = "Meme Me";
			};
			name = Release;
		};
/* End XCBuildConfiguration section */

/* Begin XCConfigurationList section */
		34BF665F1CADA7E100F33792 /* Build configuration list for PBXProject "Meme Me" */ = {
			isa = XCConfigurationList;
			buildConfigurations = (
				34BF668A1CADA7E100F33792 /* Debug */,
				34BF668B1CADA7E100F33792 /* Release */,
			);
			defaultConfigurationIsVisible = 0;
			defaultConfigurationName = Release;
		};
		34BF668C1CADA7E100F33792 /* Build configuration list for PBXNativeTarget "Meme Me" */ = {
			isa = XCConfigurationList;
			buildConfigurations = (
				34BF668D1CADA7E100F33792 /* Debug */,
				34BF668E1CADA7E100F33792 /* Release */,
			);
			defaultConfigurationIsVisible = 0;
			defaultConfigurationName = Release;
		};
		34BF668F1CADA7E100F33792 /* Build configuration list for PBXNativeTarget "Meme MeTests" */ = {
			isa = XCConfigurationList;
			buildConfigurations = (
				34BF66901CADA7E100F33792 /* Debug */,
				34BF66911CADA7E100F33792 /* Release */,
			);
			defaultConfigurationIsVisible = 0;
			defaultConfigurationName = Release;
		};
		34BF66921CADA7E100F33792 /* Build configuration list for PBXNativeTarget "Meme MeUITests" */ = {
			isa = XCConfigurationList;
			buildConfigurations = (
				34BF66931CADA7E100F33792 /* Debug */,
				34BF66941CADA7E100F33792 /* Release */,
			);
			defaultConfigurationIsVisible = 0;
			defaultConfigurationName = Release;
		};
/* End XCConfigurationList section */
	};
	rootObject = 34BF665C1CADA7E100F33792 /* Project object */;
}
